# This file is automatically @generated by Cargo.
# It is not intended for manual editing.
version = 4

[[package]]
name = "bagel_cli"
version = "0.1.0"

[[package]]
name = "bagel_core"
version = "0.1.0"

[[package]]
name = "bagel_exec"
version = "0.1.0"

[[package]]
name = "bagel_utils"
version = "0.1.0"
